
Microsoft Visual Studio Solution File, Format Version 12.00
# Visual Studio Version 17
VisualStudioVersion = 17.14.37111.16 d17.14
MinimumVisualStudioVersion = 10.0.40219.1
Project("{FAE04EC0-301F-11D3-BF4B-00C04F79EFBC}") = "Arak.DAL", "Arak.DAL\Arak.DAL.csproj", "{8426916A-4DB3-4ED7-8E43-BFE3390F2EA4}"
EndProject
Project("{FAE04EC0-301F-11D3-BF4B-00C04F79EFBC}") = "Arak.BLL", "Arak.BLL\Arak.BLL.csproj", "{4F86058C-3F03-46CB-9A3D-A2300B2FED2C}"
EndProject
Project("{FAE04EC0-301F-11D3-BF4B-00C04F79EFBC}") = "Arak.PLL", "Arak.PLL\Arak.PLL.csproj", "{69FB81D2-177B-4CDC-BC52-9A887C798A1E}"
EndProject
Global
	GlobalSection(SolutionConfigurationPlatforms) = preSolution
		Debug|Any CPU = Debug|Any CPU
		Release|Any CPU = Release|Any CPU
	EndGlobalSection
	GlobalSection(ProjectConfigurationPlatforms) = postSolution
		{8426916A-4DB3-4ED7-8E43-BFE3390F2EA4}.Debug|Any CPU.ActiveCfg = Debug|Any CPU
		{8426916A-4DB3-4ED7-8E43-BFE3390F2EA4}.Debug|Any CPU.Build.0 = Debug|Any CPU
		{8426916A-4DB3-4ED7-8E43-BFE3390F2EA4}.Release|Any CPU.ActiveCfg = Release|Any CPU
		{8426916A-4DB3-4ED7-8E43-BFE3390F2EA4}.Release|Any CPU.Build.0 = Release|Any CPU
		{4F86058C-3F03-46CB-9A3D-A2300B2FED2C}.Debug|Any CPU.ActiveCfg = Debug|Any CPU
		{4F86058C-3F03-46CB-9A3D-A2300B2FED2C}.Debug|Any CPU.Build.0 = Debug|Any CPU
		{4F86058C-3F03-46CB-9A3D-A2300B2FED2C}.Release|Any CPU.ActiveCfg = Release|Any CPU
		{4F86058C-3F03-46CB-9A3D-A2300B2FED2C}.Release|Any CPU.Build.0 = Release|Any CPU
		{69FB81D2-177B-4CDC-BC52-9A887C798A1E}.Debug|Any CPU.ActiveCfg = Debug|Any CPU
		{69FB81D2-177B-4CDC-BC52-9A887C798A1E}.Debug|Any CPU.Build.0 = Debug|Any CPU
		{69FB81D2-177B-4CDC-BC52-9A887C798A1E}.Release|Any CPU.ActiveCfg = Release|Any CPU
		{69FB81D2-177B-4CDC-BC52-9A887C798A1E}.Release|Any CPU.Build.0 = Release|Any CPU
	EndGlobalSection
	GlobalSection(SolutionProperties) = preSolution
		HideSolutionNode = FALSE
	EndGlobalSection
	GlobalSection(ExtensibilityGlobals) = postSolution
		SolutionGuid = {EDFD1387-3967-4950-A1DA-3E65D94AFEBF}
	EndGlobalSection
EndGlobal
